
Microsoft Visual Studio Solution File, Format Version 11.00
# Visual Studio 2010
Project("{FAE04EC0-301F-11D3-BF4B-00C04F79EFBC}") = "DUBLIN_RTPI.Core", "DUBLIN_RTPI.Core\DUBLIN_RTPI.Core.csproj", "{BCA6FDC9-522D-4C74-B2E0-06332A4E800C}"
EndProject
Global
	GlobalSection(SolutionConfigurationPlatforms) = preSolution
		Debug|Any CPU = Debug|Any CPU
		Release|Any CPU = Release|Any CPU
	EndGlobalSection
	GlobalSection(ProjectConfigurationPlatforms) = postSolution
		{BCA6FDC9-522D-4C74-B2E0-06332A4E800C}.Debug|Any CPU.ActiveCfg = Debug|Any CPU
		{BCA6FDC9-522D-4C74-B2E0-06332A4E800C}.Debug|Any CPU.Build.0 = Debug|Any CPU
		{BCA6FDC9-522D-4C74-B2E0-06332A4E800C}.Release|Any CPU.ActiveCfg = Release|Any CPU
		{BCA6FDC9-522D-4C74-B2E0-06332A4E800C}.Release|Any CPU.Build.0 = Release|Any CPU
	EndGlobalSection
	GlobalSection(MonoDevelopProperties) = preSolution
		StartupItem = DUBLIN_RTPI.Core\DUBLIN_RTPI.Core.csproj
	EndGlobalSection
EndGlobal
